// !$*UTF8*$!
{
	archiveVersion = 1;
	classes = {
	};
	objectVersion = 56;
	objects = {

/* Begin PBXBuildFile section */
		F8D61CE92B30B81E007D104A /* AppDelegate.swift in Sources */ = {isa = PBXBuildFile; fileRef = F8D61CE82B30B81E007D104A /* AppDelegate.swift */; };
		F8D61CEB2B30B81E007D104A /* SceneDelegate.swift in Sources */ = {isa = PBXBuildFile; fileRef = F8D61CEA2B30B81E007D104A /* SceneDelegate.swift */; };
		F8D61CED2B30B81E007D104A /* ViewController.swift in Sources */ = {isa = PBXBuildFile; fileRef = F8D61CEC2B30B81E007D104A /* ViewController.swift */; };
		F8D61CF02B30B81E007D104A /* Main.storyboard in Resources */ = {isa = PBXBuildFile; fileRef = F8D61CEE2B30B81E007D104A /* Main.storyboard */; };
		F8D61CF32B30B81E007D104A /* GregTestAppForTestFlight.xcdatamodeld in Sources */ = {isa = PBXBuildFile; fileRef = F8D61CF12B30B81E007D104A /* GregTestAppForTestFlight.xcdatamodeld */; };
		F8D61CF52B30B81F007D104A /* Assets.xcassets in Resources */ = {isa = PBXBuildFile; fileRef = F8D61CF42B30B81F007D104A /* Assets.xcassets */; };
		F8D61CF82B30B81F007D104A /* LaunchScreen.storyboard in Resources */ = {isa = PBXBuildFile; fileRef = F8D61CF62B30B81F007D104A /* LaunchScreen.storyboard */; };
/* End PBXBuildFile section */

/* Begin PBXFileReference section */
		F8D61CE52B30B81E007D104A /* GregTestAppForTestFlight.app */ = {isa = PBXFileReference; explicitFileType = wrapper.application; includeInIndex = 0; path = GregTestAppForTestFlight.app; sourceTree = BUILT_PRODUCTS_DIR; };
		F8D61CE82B30B81E007D104A /* AppDelegate.swift */ = {isa = PBXFileReference; lastKnownFileType = sourcecode.swift; path = AppDelegate.swift; sourceTree = "<group>"; };
		F8D61CEA2B30B81E007D104A /* SceneDelegate.swift */ = {isa = PBXFileReference; lastKnownFileType = sourcecode.swift; path = SceneDelegate.swift; sourceTree = "<group>"; };
		F8D61CEC2B30B81E007D104A /* ViewController.swift */ = {isa = PBXFileReference; lastKnownFileType = sourcecode.swift; path = ViewController.swift; sourceTree = "<group>"; };
		F8D61CEF2B30B81E007D104A /* Base */ = {isa = PBXFileReference; lastKnownFileType = file.storyboard; name = Base; path = Base.lproj/Main.storyboard; sourceTree = "<group>"; };
		F8D61CF22B30B81E007D104A /* GregTestAppForTestFlight.xcdatamodel */ = {isa = PBXFileReference; lastKnownFileType = wrapper.xcdatamodel; path = GregTestAppForTestFlight.xcdatamodel; sourceTree = "<group>"; };
		F8D61CF42B30B81F007D104A /* Assets.xcassets */ = {isa = PBXFileReference; lastKnownFileType = folder.assetcatalog; path = Assets.xcassets; sourceTree = "<group>"; };
		F8D61CF72B30B81F007D104A /* Base */ = {isa = PBXFileReference; lastKnownFileType = file.storyboard; name = Base; path = Base.lproj/LaunchScreen.storyboard; sourceTree = "<group>"; };
		F8D61CF92B30B81F007D104A /* Info.plist */ = {isa = PBXFileReference; lastKnownFileType = text.plist.xml; path = Info.plist; sourceTree = "<group>"; };
/* End PBXFileReference section */

/* Begin PBXFrameworksBuildPhase section */
		F8D61CE22B30B81E007D104A /* Frameworks */ = {
			isa = PBXFrameworksBuildPhase;
			buildActionMask = 2147483647;
			files = (
			);
			runOnlyForDeploymentPostprocessing = 0;
		};
/* End PBXFrameworksBuildPhase section */

/* Begin PBXGroup section */
		F8D61CDC2B30B81E007D104A = {
			isa = PBXGroup;
			children = (
				F8D61CE72B30B81E007D104A /* GregTestAppForTestFlight */,
				F8D61CE62B30B81E007D104A /* Products */,
			);
			sourceTree = "<group>";
		};
		F8D61CE62B30B81E007D104A /* Products */ = {
			isa = PBXGroup;
			children = (
				F8D61CE52B30B81E007D104A /* GregTestAppForTestFlight.app */,
			);
			name = Products;
			sourceTree = "<group>";
		};
		F8D61CE72B30B81E007D104A /* GregTestAppForTestFlight */ = {
			isa = PBXGroup;
			children = (
				F8D61CE82B30B81E007D104A /* AppDelegate.swift */,
				F8D61CEA2B30B81E007D104A /* SceneDelegate.swift */,
				F8D61CEC2B30B81E007D104A /* ViewController.swift */,
				F8D61CEE2B30B81E007D104A /* Main.storyboard */,
				F8D61CF42B30B81F007D104A /* Assets.xcassets */,
				F8D61CF62B30B81F007D104A /* LaunchScreen.storyboard */,
				F8D61CF92B30B81F007D104A /* Info.plist */,
				F8D61CF12B30B81E007D104A /* GregTestAppForTestFlight.xcdatamodeld */,
			);
			path = GregTestAppForTestFlight;
			sourceTree = "<group>";
		};
/* End PBXGroup section */

/* Begin PBXNativeTarget section */
		F8D61CE42B30B81E007D104A /* GregTestAppForTestFlight */ = {
			isa = PBXNativeTarget;
			buildConfigurationList = F8D61CFC2B30B81F007D104A /* Build configuration list for PBXNativeTarget "GregTestAppForTestFlight" */;
			buildPhases = (
				F8D61CE12B30B81E007D104A /* Sources */,
				F8D61CE22B30B81E007D104A /* Frameworks */,
				F8D61CE32B30B81E007D104A /* Resources */,
			);
			buildRules = (
			);
			dependencies = (
			);
			name = GregTestAppForTestFlight;
			productName = GregTestAppForTestFlight;
			productReference = F8D61CE52B30B81E007D104A /* GregTestAppForTestFlight.app */;
			productType = "com.apple.product-type.application";
		};
/* End PBXNativeTarget section */

/* Begin PBXProject section */
		F8D61CDD2B30B81E007D104A /* Project object */ = {
			isa = PBXProject;
			attributes = {
				BuildIndependentTargetsInParallel = 1;
				LastSwiftUpdateCheck = 1430;
				LastUpgradeCheck = 1430;
				TargetAttributes = {
					F8D61CE42B30B81E007D104A = {
						CreatedOnToolsVersion = 14.3.1;
					};
				};
			};
			buildConfigurationList = F8D61CE02B30B81E007D104A /* Build configuration list for PBXProject "GregTestAppForTestFlight" */;
			compatibilityVersion = "Xcode 14.0";
			developmentRegion = en;
			hasScannedForEncodings = 0;
			knownRegions = (
				en,
				Base,
			);
			mainGroup = F8D61CDC2B30B81E007D104A;
			productRefGroup = F8D61CE62B30B81E007D104A /* Products */;
			projectDirPath = "";
			projectRoot = "";
			targets = (
				F8D61CE42B30B81E007D104A /* GregTestAppForTestFlight */,
			);
		};
/* End PBXProject section */

/* Begin PBXResourcesBuildPhase section */
		F8D61CE32B30B81E007D104A /* Resources */ = {
			isa = PBXResourcesBuildPhase;
			buildActionMask = 2147483647;
			files = (
				F8D61CF82B30B81F007D104A /* LaunchScreen.storyboard in Resources */,
				F8D61CF52B30B81F007D104A /* Assets.xcassets in Resources */,
				F8D61CF02B30B81E007D104A /* Main.storyboard in Resources */,
			);
			runOnlyForDeploymentPostprocessing = 0;
		};
/* End PBXResourcesBuildPhase section */

/* Begin PBXSourcesBuildPhase section */
		F8D61CE12B30B81E007D104A /* Sources */ = {
			isa = PBXSourcesBuildPhase;
			buildActionMask = 2147483647;
			files = (
				F8D61CF32B30B81E007D104A /* GregTestAppForTestFlight.xcdatamodeld in Sources */,
				F8D61CED2B30B81E007D104A /* ViewController.swift in Sources */,
				F8D61CE92B30B81E007D104A /* AppDelegate.swift in Sources */,
				F8D61CEB2B30B81E007D104A /* SceneDelegate.swift in Sources */,
			);
			runOnlyForDeploymentPostprocessing = 0;
		};
/* End PBXSourcesBuildPhase section */

/* Begin PBXVariantGroup section */
		F8D61CEE2B30B81E007D104A /* Main.storyboard */ = {
			isa = PBXVariantGroup;
			children = (
				F8D61CEF2B30B81E007D104A /* Base */,
			);
			name = Main.storyboard;
			sourceTree = "<group>";
		};
		F8D61CF62B30B81F007D104A /* LaunchScreen.storyboard */ = {
			isa = PBXVariantGroup;
			children = (
				F8D61CF72B30B81F007D104A /* Base */,
			);
			name = LaunchScreen.storyboard;
			sourceTree = "<group>";
		};
/* End PBXVariantGroup section */

/* Begin XCBuildConfiguration section */
		F8D61CFA2B30B81F007D104A /* Debug */ = {
			isa = XCBuildConfiguration;
			buildSettings = {
				ALWAYS_SEARCH_USER_PATHS = NO;
				CLANG_ANALYZER_NONNULL = YES;
				CLANG_ANALYZER_NUMBER_OBJECT_CONVERSION = YES_AGGRESSIVE;
				CLANG_CXX_LANGUAGE_STANDARD = "gnu++20";
				CLANG_ENABLE_MODULES = YES;
				CLANG_ENABLE_OBJC_ARC = YES;
				CLANG_ENABLE_OBJC_WEAK = YES;
				CLANG_WARN_BLOCK_CAPTURE_AUTORELEASING = YES;
				CLANG_WARN_BOOL_CONVERSION = YES;
				CLANG_WARN_COMMA = YES;
				CLANG_WARN_CONSTANT_CONVERSION = YES;
				CLANG_WARN_DEPRECATED_OBJC_IMPLEMENTATIONS = YES;
				CLANG_WARN_DIRECT_OBJC_ISA_USAGE = YES_ERROR;
				CLANG_WARN_DOCUMENTATION_COMMENTS = YES;
				CLANG_WARN_EMPTY_BODY = YES;
				CLANG_WARN_ENUM_CONVERSION = YES;
				CLANG_WARN_INFINITE_RECURSION = YES;
				CLANG_WARN_INT_CONVERSION = YES;
				CLANG_WARN_NON_LITERAL_NULL_CONVERSION = YES;
				CLANG_WARN_OBJC_IMPLICIT_RETAIN_SELF = YES;
				CLANG_WARN_OBJC_LITERAL_CONVERSION = YES;
				CLANG_WARN_OBJC_ROOT_CLASS = YES_ERROR;
				CLANG_WARN_QUOTED_INCLUDE_IN_FRAMEWORK_HEADER = YES;
				CLANG_WARN_RANGE_LOOP_ANALYSIS = YES;
				CLANG_WARN_STRICT_PROTOTYPES = YES;
				CLANG_WARN_SUSPICIOUS_MOVE = YES;
				CLANG_WARN_UNGUARDED_AVAILABILITY = YES_AGGRESSIVE;
				CLANG_WARN_UNREACHABLE_CODE = YES;
				CLANG_WARN__DUPLICATE_METHOD_MATCH = YES;
				COPY_PHASE_STRIP = NO;
				DEBUG_INFORMATION_FORMAT = dwarf;
				ENABLE_STRICT_OBJC_MSGSEND = YES;
				ENABLE_TESTABILITY = YES;
				GCC_C_LANGUAGE_STANDARD = gnu11;
				GCC_DYNAMIC_NO_PIC = NO;
				GCC_NO_COMMON_BLOCKS = YES;
				GCC_OPTIMIZATION_LEVEL = 0;
				GCC_PREPROCESSOR_DEFINITIONS = (
					"DEBUG=1",
					"$(inherited)",
				);
				GCC_WARN_64_TO_32_BIT_CONVERSION = YES;
				GCC_WARN_ABOUT_RETURN_TYPE = YES_ERROR;
				GCC_WARN_UNDECLARED_SELECTOR = YES;
				GCC_WARN_UNINITIALIZED_AUTOS = YES_AGGRESSIVE;
				GCC_WARN_UNUSED_FUNCTION = YES;
				GCC_WARN_UNUSED_VARIABLE = YES;
				IPHONEOS_DEPLOYMENT_TARGET = 16.4;
				MTL_ENABLE_DEBUG_INFO = INCLUDE_SOURCE;
				MTL_FAST_MATH = YES;
				ONLY_ACTIVE_ARCH = YES;
				SDKROOT = iphoneos;
				SWIFT_ACTIVE_COMPILATION_CONDITIONS = DEBUG;
				SWIFT_OPTIMIZATION_LEVEL = "-Onone";
			};
			name = Debug;
		};
		F8D61CFB2B30B81F007D104A /* Release */ = {
			isa = XCBuildConfiguration;
			buildSettings = {
				ALWAYS_SEARCH_USER_PATHS = NO;
				CLANG_ANALYZER_NONNULL = YES;
				CLANG_ANALYZER_NUMBER_OBJECT_CONVERSION = YES_AGGRESSIVE;
				CLANG_CXX_LANGUAGE_STANDARD = "gnu++20";
				CLANG_ENABLE_MODULES = YES;
				CLANG_ENABLE_OBJC_ARC = YES;
				CLANG_ENABLE_OBJC_WEAK = YES;
				CLANG_WARN_BLOCK_CAPTURE_AUTORELEASING = YES;
				CLANG_WARN_BOOL_CONVERSION = YES;
				CLANG_WARN_COMMA = YES;
				CLANG_WARN_CONSTANT_CONVERSION = YES;
				CLANG_WARN_DEPRECATED_OBJC_IMPLEMENTATIONS = YES;
				CLANG_WARN_DIRECT_OBJC_ISA_USAGE = YES_ERROR;
				CLANG_WARN_DOCUMENTATION_COMMENTS = YES;
				CLANG_WARN_EMPTY_BODY = YES;
				CLANG_WARN_ENUM_CONVERSION = YES;
				CLANG_WARN_INFINITE_RECURSION = YES;
				CLANG_WARN_INT_CONVERSION = YES;
				CLANG_WARN_NON_LITERAL_NULL_CONVERSION = YES;
				CLANG_WARN_OBJC_IMPLICIT_RETAIN_SELF = YES;
				CLANG_WARN_OBJC_LITERAL_CONVERSION = YES;
				CLANG_WARN_OBJC_ROOT_CLASS = YES_ERROR;
				CLANG_WARN_QUOTED_INCLUDE_IN_FRAMEWORK_HEADER = YES;
				CLANG_WARN_RANGE_LOOP_ANALYSIS = YES;
				CLANG_WARN_STRICT_PROTOTYPES = YES;
				CLANG_WARN_SUSPICIOUS_MOVE = YES;
				CLANG_WARN_UNGUARDED_AVAILABILITY = YES_AGGRESSIVE;
				CLANG_WARN_UNREACHABLE_CODE = YES;
				CLANG_WARN__DUPLICATE_METHOD_MATCH = YES;
				COPY_PHASE_STRIP = NO;
				DEBUG_INFORMATION_FORMAT = "dwarf-with-dsym";
				ENABLE_NS_ASSERTIONS = NO;
				ENABLE_STRICT_OBJC_MSGSEND = YES;
				GCC_C_LANGUAGE_STANDARD = gnu11;
				GCC_NO_COMMON_BLOCKS = YES;
				GCC_WARN_64_TO_32_BIT_CONVERSION = YES;
				GCC_WARN_ABOUT_RETURN_TYPE = YES_ERROR;
				GCC_WARN_UNDECLARED_SELECTOR = YES;
				GCC_WARN_UNINITIALIZED_AUTOS = YES_AGGRESSIVE;
				GCC_WARN_UNUSED_FUNCTION = YES;
				GCC_WARN_UNUSED_VARIABLE = YES;
				IPHONEOS_DEPLOYMENT_TARGET = 16.4;
				MTL_ENABLE_DEBUG_INFO = NO;
				MTL_FAST_MATH = YES;
				SDKROOT = iphoneos;
				SWIFT_COMPILATION_MODE = wholemodule;
				SWIFT_OPTIMIZATION_LEVEL = "-O";
				VALIDATE_PRODUCT = YES;
			};
			name = Release;
		};
		F8D61CFD2B30B81F007D104A /* Debug */ = {
			isa = XCBuildConfiguration;
			buildSettings = {
				ASSETCATALOG_COMPILER_APPICON_NAME = AppIcon;
				ASSETCATALOG_COMPILER_GLOBAL_ACCENT_COLOR_NAME = AccentColor;
				ASSETCATALOG_COMPILER_INCLUDE_ALL_APPICON_ASSETS = YES;
				CODE_SIGN_STYLE = Automatic;
				CURRENT_PROJECT_VERSION = 1;
				DEVELOPMENT_TEAM = 38CY9NN8G2;
				GENERATE_INFOPLIST_FILE = YES;
				INFOPLIST_FILE = GregTestAppForTestFlight/Info.plist;
				INFOPLIST_KEY_UIApplicationSupportsIndirectInputEvents = YES;
				INFOPLIST_KEY_UILaunchStoryboardName = Main.storyboard;
				INFOPLIST_KEY_UIMainStoryboardFile = Main;
				INFOPLIST_KEY_UISupportedInterfaceOrientations_iPad = "UIInterfaceOrientationPortrait UIInterfaceOrientationPortraitUpsideDown UIInterfaceOrientationLandscapeLeft UIInterfaceOrientationLandscapeRight";
				INFOPLIST_KEY_UISupportedInterfaceOrientations_iPhone = "UIInterfaceOrientationPortrait UIInterfaceOrientationLandscapeLeft UIInterfaceOrientationLandscapeRight";
				LD_RUNPATH_SEARCH_PATHS = (
					"$(inherited)",
					"@executable_path/Frameworks",
				);
				MARKETING_VERSION = 1.0;
				PRODUCT_BUNDLE_IDENTIFIER = gregeporter.GregTestAppForTestFlight;
				PRODUCT_NAME = "$(TARGET_NAME)";
				SUPPORTED_PLATFORMS = "iphoneos iphonesimulator";
				SUPPORTS_MACCATALYST = NO;
				SUPPORTS_MAC_DESIGNED_FOR_IPHONE_IPAD = NO;
				SWIFT_EMIT_LOC_STRINGS = YES;
				SWIFT_VERSION = 5.0;
				TARGETED_DEVICE_FAMILY = 1;
			};
			name = Debug;
		};
		F8D61CFE2B30B81F007D104A /* Release */ = {
			isa = XCBuildConfiguration;
			buildSettings = {
				ASSETCATALOG_COMPILER_APPICON_NAME = AppIcon;
				ASSETCATALOG_COMPILER_GLOBAL_ACCENT_COLOR_NAME = AccentColor;
				ASSETCATALOG_COMPILER_INCLUDE_ALL_APPICON_ASSETS = YES;
				CODE_SIGN_STYLE = Automatic;
				CURRENT_PROJECT_VERSION = 1;
				DEVELOPMENT_TEAM = 38CY9NN8G2;
				GENERATE_INFOPLIST_FILE = YES;
				INFOPLIST_FILE = GregTestAppForTestFlight/Info.plist;
				INFOPLIST_KEY_UIApplicationSupportsIndirectInputEvents = YES;
				INFOPLIST_KEY_UILaunchStoryboardName = Main.storyboard;
				INFOPLIST_KEY_UIMainStoryboardFile = Main;
				INFOPLIST_KEY_UISupportedInterfaceOrientations_iPad = "UIInterfaceOrientationPortrait UIInterfaceOrientationPortraitUpsideDown UIInterfaceOrientationLandscapeLeft UIInterfaceOrientationLandscapeRight";
				INFOPLIST_KEY_UISupportedInterfaceOrientations_iPhone = "UIInterfaceOrientationPortrait UIInterfaceOrientationLandscapeLeft UIInterfaceOrientationLandscapeRight";
				LD_RUNPATH_SEARCH_PATHS = (
					"$(inherited)",
					"@executable_path/Frameworks",
				);
				MARKETING_VERSION = 1.0;
				PRODUCT_BUNDLE_IDENTIFIER = gregeporter.GregTestAppForTestFlight;
				PRODUCT_NAME = "$(TARGET_NAME)";
				SUPPORTED_PLATFORMS = "iphoneos iphonesimulator";
				SUPPORTS_MACCATALYST = NO;
				SUPPORTS_MAC_DESIGNED_FOR_IPHONE_IPAD = NO;
				SWIFT_EMIT_LOC_STRINGS = YES;
				SWIFT_VERSION = 5.0;
				TARGETED_DEVICE_FAMILY = 1;
			};
			name = Release;
		};
/* End XCBuildConfiguration section */

/* Begin XCConfigurationList section */
		F8D61CE02B30B81E007D104A /* Build configuration list for PBXProject "GregTestAppForTestFlight" */ = {
			isa = XCConfigurationList;
			buildConfigurations = (
				F8D61CFA2B30B81F007D104A /* Debug */,
				F8D61CFB2B30B81F007D104A /* Release */,
			);
			defaultConfigurationIsVisible = 0;
			defaultConfigurationName = Release;
		};
		F8D61CFC2B30B81F007D104A /* Build configuration list for PBXNativeTarget "GregTestAppForTestFlight" */ = {
			isa = XCConfigurationList;
			buildConfigurations = (
				F8D61CFD2B30B81F007D104A /* Debug */,
				F8D61CFE2B30B81F007D104A /* Release */,
			);
			defaultConfigurationIsVisible = 0;
			defaultConfigurationName = Release;
		};
/* End XCConfigurationList section */

/* Begin XCVersionGroup section */
		F8D61CF12B30B81E007D104A /* GregTestAppForTestFlight.xcdatamodeld */ = {
			isa = XCVersionGroup;
			children = (
				F8D61CF22B30B81E007D104A /* GregTestAppForTestFlight.xcdatamodel */,
			);
			currentVersion = F8D61CF22B30B81E007D104A /* GregTestAppForTestFlight.xcdatamodel */;
			path = GregTestAppForTestFlight.xcdatamodeld;
			sourceTree = "<group>";
			versionGroupType = wrapper.xcdatamodel;
		};
/* End XCVersionGroup section */
	};
	rootObject = F8D61CDD2B30B81E007D104A /* Project object */;
}
